
Microsoft Visual Studio Solution File, Format Version 12.00
# Visual Studio 14
VisualStudioVersion = 14.0.24720.0
MinimumVisualStudioVersion = 10.0.40219.1
Project("{FAE04EC0-301F-11D3-BF4B-00C04F79EFBC}") = "BloodMap.Tests", "BloodMap.Tests\BloodMap.Tests.csproj", "{F492A250-174A-4751-BB48-1DB9A03EE5C6}"
EndProject
Project("{FAE04EC0-301F-11D3-BF4B-00C04F79EFBC}") = "BloodMap.Data", "BloodMap.Data\BloodMap.Data.csproj", "{DB09C578-9612-4A04-BFF2-40432FB34332}"
EndProject
Project("{FAE04EC0-301F-11D3-BF4B-00C04F79EFBC}") = "BloodMap.Service", "BloodMap.Service\BloodMap.Service.csproj", "{BA1EA652-5726-445A-8406-222CD4BF82F7}"
EndProject
Project("{00D1A9C2-B5F0-4AF3-8072-F6C62B433612}") = "BloodMap.Database", "BloodMap.Database\BloodMap.Database.sqlproj", "{D33031F7-5F4F-4D6B-AFF0-B51755E2799B}"
EndProject
Project("{FAE04EC0-301F-11D3-BF4B-00C04F79EFBC}") = "BloodMap.API", "BloodMap.API\BloodMap.API.csproj", "{9D92A749-1716-48F1-A11A-2BDDDC0AF572}"
EndProject
Project("{FAE04EC0-301F-11D3-BF4B-00C04F79EFBC}") = "BloodMap.UI", "BloodMap.UI\BloodMap.UI.csproj", "{068BF0E5-96BB-45E2-B742-EB6D3C49225E}"
EndProject
Global
	GlobalSection(SolutionConfigurationPlatforms) = preSolution
		Debug|Any CPU = Debug|Any CPU
		Release|Any CPU = Release|Any CPU
	EndGlobalSection
	GlobalSection(ProjectConfigurationPlatforms) = postSolution
		{F492A250-174A-4751-BB48-1DB9A03EE5C6}.Debug|Any CPU.ActiveCfg = Debug|Any CPU
		{F492A250-174A-4751-BB48-1DB9A03EE5C6}.Debug|Any CPU.Build.0 = Debug|Any CPU
		{F492A250-174A-4751-BB48-1DB9A03EE5C6}.Release|Any CPU.ActiveCfg = Release|Any CPU
		{F492A250-174A-4751-BB48-1DB9A03EE5C6}.Release|Any CPU.Build.0 = Release|Any CPU
		{DB09C578-9612-4A04-BFF2-40432FB34332}.Debug|Any CPU.ActiveCfg = Debug|Any CPU
		{DB09C578-9612-4A04-BFF2-40432FB34332}.Debug|Any CPU.Build.0 = Debug|Any CPU
		{DB09C578-9612-4A04-BFF2-40432FB34332}.Release|Any CPU.ActiveCfg = Release|Any CPU
		{DB09C578-9612-4A04-BFF2-40432FB34332}.Release|Any CPU.Build.0 = Release|Any CPU
		{BA1EA652-5726-445A-8406-222CD4BF82F7}.Debug|Any CPU.ActiveCfg = Debug|Any CPU
		{BA1EA652-5726-445A-8406-222CD4BF82F7}.Debug|Any CPU.Build.0 = Debug|Any CPU
		{BA1EA652-5726-445A-8406-222CD4BF82F7}.Release|Any CPU.ActiveCfg = Release|Any CPU
		{BA1EA652-5726-445A-8406-222CD4BF82F7}.Release|Any CPU.Build.0 = Release|Any CPU
		{D33031F7-5F4F-4D6B-AFF0-B51755E2799B}.Debug|Any CPU.ActiveCfg = Debug|Any CPU
		{D33031F7-5F4F-4D6B-AFF0-B51755E2799B}.Debug|Any CPU.Build.0 = Debug|Any CPU
		{D33031F7-5F4F-4D6B-AFF0-B51755E2799B}.Debug|Any CPU.Deploy.0 = Debug|Any CPU
		{D33031F7-5F4F-4D6B-AFF0-B51755E2799B}.Release|Any CPU.ActiveCfg = Release|Any CPU
		{D33031F7-5F4F-4D6B-AFF0-B51755E2799B}.Release|Any CPU.Build.0 = Release|Any CPU
		{D33031F7-5F4F-4D6B-AFF0-B51755E2799B}.Release|Any CPU.Deploy.0 = Release|Any CPU
		{9D92A749-1716-48F1-A11A-2BDDDC0AF572}.Debug|Any CPU.ActiveCfg = Debug|Any CPU
		{9D92A749-1716-48F1-A11A-2BDDDC0AF572}.Debug|Any CPU.Build.0 = Debug|Any CPU
		{9D92A749-1716-48F1-A11A-2BDDDC0AF572}.Release|Any CPU.ActiveCfg = Release|Any CPU
		{9D92A749-1716-48F1-A11A-2BDDDC0AF572}.Release|Any CPU.Build.0 = Release|Any CPU
		{068BF0E5-96BB-45E2-B742-EB6D3C49225E}.Debug|Any CPU.ActiveCfg = Debug|Any CPU
		{068BF0E5-96BB-45E2-B742-EB6D3C49225E}.Debug|Any CPU.Build.0 = Debug|Any CPU
		{068BF0E5-96BB-45E2-B742-EB6D3C49225E}.Release|Any CPU.ActiveCfg = Release|Any CPU
		{068BF0E5-96BB-45E2-B742-EB6D3C49225E}.Release|Any CPU.Build.0 = Release|Any CPU
	EndGlobalSection
	GlobalSection(SolutionProperties) = preSolution
		HideSolutionNode = FALSE
	EndGlobalSection
EndGlobal
